
Microsoft Visual Studio Solution File, Format Version 12.00
# Visual Studio Version 16
VisualStudioVersion = 16.0.28803.452
MinimumVisualStudioVersion = 10.0.40219.1
Project("{9092AA53-FB77-4645-B42D-1CCCA6BD08BD}") = "EthereumGatewayApi", "EthereumGatewayApi\EthereumGatewayApi.njsproj", "{1642562E-8F12-49BC-891D-7B8632921711}"
EndProject
Global
	GlobalSection(SolutionConfigurationPlatforms) = preSolution
		Debug|Any CPU = Debug|Any CPU
		Release|Any CPU = Release|Any CPU
	EndGlobalSection
	GlobalSection(ProjectConfigurationPlatforms) = postSolution
		{1642562E-8F12-49BC-891D-7B8632921711}.Debug|Any CPU.ActiveCfg = Debug|Any CPU
		{1642562E-8F12-49BC-891D-7B8632921711}.Debug|Any CPU.Build.0 = Debug|Any CPU
		{1642562E-8F12-49BC-891D-7B8632921711}.Release|Any CPU.ActiveCfg = Release|Any CPU
		{1642562E-8F12-49BC-891D-7B8632921711}.Release|Any CPU.Build.0 = Release|Any CPU
	EndGlobalSection
	GlobalSection(SolutionProperties) = preSolution
		HideSolutionNode = FALSE
	EndGlobalSection
	GlobalSection(ExtensibilityGlobals) = postSolution
		SolutionGuid = {A068C4D8-8713-4BA8-A26E-AC765A698E26}
	EndGlobalSection
EndGlobal
